
Microsoft Visual Studio Solution File, Format Version 12.00
# Visual Studio Version 16
VisualStudioVersion = 16.0.28922.388
MinimumVisualStudioVersion = 10.0.40219.1
Project("{FAE04EC0-301F-11D3-BF4B-00C04F79EFBC}") = "JessterFITAPI", "JessterFITAPI\JessterFITAPI.csproj", "{75BDDCDB-2023-47D4-B016-EEFE3A5808FE}"
EndProject
Global
	GlobalSection(SolutionConfigurationPlatforms) = preSolution
		Debug|Any CPU = Debug|Any CPU
		Release|Any CPU = Release|Any CPU
	EndGlobalSection
	GlobalSection(ProjectConfigurationPlatforms) = postSolution
		{75BDDCDB-2023-47D4-B016-EEFE3A5808FE}.Debug|Any CPU.ActiveCfg = Debug|Any CPU
		{75BDDCDB-2023-47D4-B016-EEFE3A5808FE}.Debug|Any CPU.Build.0 = Debug|Any CPU
		{75BDDCDB-2023-47D4-B016-EEFE3A5808FE}.Release|Any CPU.ActiveCfg = Release|Any CPU
		{75BDDCDB-2023-47D4-B016-EEFE3A5808FE}.Release|Any CPU.Build.0 = Release|Any CPU
	EndGlobalSection
	GlobalSection(SolutionProperties) = preSolution
		HideSolutionNode = FALSE
	EndGlobalSection
	GlobalSection(ExtensibilityGlobals) = postSolution
		SolutionGuid = {F58729DD-2566-4864-87FF-24179298B5E2}
	EndGlobalSection
EndGlobal
